
Microsoft Visual Studio Solution File, Format Version 12.00
# Visual Studio 15
VisualStudioVersion = 15.0.28010.2048
MinimumVisualStudioVersion = 10.0.40219.1
Project("{FAE04EC0-301F-11D3-BF4B-00C04F79EFBC}") = "LojaVirtual.Web", "LojaVirtual.Web\LojaVirtual.Web.csproj", "{67732771-65BE-4F25-B8EC-6B76F49D549F}"
EndProject
Project("{FAE04EC0-301F-11D3-BF4B-00C04F79EFBC}") = "LojaVirtual.Tests", "LojaVirtual.Tests\LojaVirtual.Tests.csproj", "{2EBB2D30-487F-484E-AECC-1F2319492FD3}"
EndProject
Project("{2150E333-8FDC-42A3-9474-1A3956D46DE8}") = "src", "src", "{35B7C4B4-6ACF-4864-B7C7-22AAD851FE68}"
EndProject
Project("{2150E333-8FDC-42A3-9474-1A3956D46DE8}") = "tests", "tests", "{E3C4513F-731C-49E3-BC2C-BCEF901818FD}"
EndProject
Project("{FAE04EC0-301F-11D3-BF4B-00C04F79EFBC}") = "LojaVirtual.BLL", "LojaVirtual.BLL\LojaVirtual.BLL.csproj", "{47DF4DEA-329D-4C0C-8526-B94D7E647068}"
EndProject
Project("{FAE04EC0-301F-11D3-BF4B-00C04F79EFBC}") = "LojaVirtual.DAL", "LojaVirtual.DAL\LojaVirtual.DAL.csproj", "{7920C1B6-3C1D-4E72-B87D-9CA4A613FC12}"
EndProject
Project("{FAE04EC0-301F-11D3-BF4B-00C04F79EFBC}") = "LojaVirtual.Resources", "LojaVirtual.Resources\LojaVirtual.Resources.csproj", "{26CECF7A-20B9-4FA7-8344-12FDC247192E}"
EndProject
Project("{FAE04EC0-301F-11D3-BF4B-00C04F79EFBC}") = "LojaVirtual.Infra", "LojaVirtual.Infra\LojaVirtual.Infra.csproj", "{321B2BA0-6AB8-4642-96B6-89926501E9DD}"
EndProject
Global
	GlobalSection(SolutionConfigurationPlatforms) = preSolution
		Debug|Any CPU = Debug|Any CPU
		Release|Any CPU = Release|Any CPU
	EndGlobalSection
	GlobalSection(ProjectConfigurationPlatforms) = postSolution
		{67732771-65BE-4F25-B8EC-6B76F49D549F}.Debug|Any CPU.ActiveCfg = Debug|Any CPU
		{67732771-65BE-4F25-B8EC-6B76F49D549F}.Debug|Any CPU.Build.0 = Debug|Any CPU
		{67732771-65BE-4F25-B8EC-6B76F49D549F}.Release|Any CPU.ActiveCfg = Release|Any CPU
		{67732771-65BE-4F25-B8EC-6B76F49D549F}.Release|Any CPU.Build.0 = Release|Any CPU
		{2EBB2D30-487F-484E-AECC-1F2319492FD3}.Debug|Any CPU.ActiveCfg = Debug|Any CPU
		{2EBB2D30-487F-484E-AECC-1F2319492FD3}.Debug|Any CPU.Build.0 = Debug|Any CPU
		{2EBB2D30-487F-484E-AECC-1F2319492FD3}.Release|Any CPU.ActiveCfg = Release|Any CPU
		{2EBB2D30-487F-484E-AECC-1F2319492FD3}.Release|Any CPU.Build.0 = Release|Any CPU
		{47DF4DEA-329D-4C0C-8526-B94D7E647068}.Debug|Any CPU.ActiveCfg = Debug|Any CPU
		{47DF4DEA-329D-4C0C-8526-B94D7E647068}.Debug|Any CPU.Build.0 = Debug|Any CPU
		{47DF4DEA-329D-4C0C-8526-B94D7E647068}.Release|Any CPU.ActiveCfg = Release|Any CPU
		{47DF4DEA-329D-4C0C-8526-B94D7E647068}.Release|Any CPU.Build.0 = Release|Any CPU
		{7920C1B6-3C1D-4E72-B87D-9CA4A613FC12}.Debug|Any CPU.ActiveCfg = Debug|Any CPU
		{7920C1B6-3C1D-4E72-B87D-9CA4A613FC12}.Debug|Any CPU.Build.0 = Debug|Any CPU
		{7920C1B6-3C1D-4E72-B87D-9CA4A613FC12}.Release|Any CPU.ActiveCfg = Release|Any CPU
		{7920C1B6-3C1D-4E72-B87D-9CA4A613FC12}.Release|Any CPU.Build.0 = Release|Any CPU
		{26CECF7A-20B9-4FA7-8344-12FDC247192E}.Debug|Any CPU.ActiveCfg = Debug|Any CPU
		{26CECF7A-20B9-4FA7-8344-12FDC247192E}.Debug|Any CPU.Build.0 = Debug|Any CPU
		{26CECF7A-20B9-4FA7-8344-12FDC247192E}.Release|Any CPU.ActiveCfg = Release|Any CPU
		{26CECF7A-20B9-4FA7-8344-12FDC247192E}.Release|Any CPU.Build.0 = Release|Any CPU
		{321B2BA0-6AB8-4642-96B6-89926501E9DD}.Debug|Any CPU.ActiveCfg = Debug|Any CPU
		{321B2BA0-6AB8-4642-96B6-89926501E9DD}.Debug|Any CPU.Build.0 = Debug|Any CPU
		{321B2BA0-6AB8-4642-96B6-89926501E9DD}.Release|Any CPU.ActiveCfg = Release|Any CPU
		{321B2BA0-6AB8-4642-96B6-89926501E9DD}.Release|Any CPU.Build.0 = Release|Any CPU
	EndGlobalSection
	GlobalSection(SolutionProperties) = preSolution
		HideSolutionNode = FALSE
	EndGlobalSection
	GlobalSection(NestedProjects) = preSolution
		{67732771-65BE-4F25-B8EC-6B76F49D549F} = {35B7C4B4-6ACF-4864-B7C7-22AAD851FE68}
		{2EBB2D30-487F-484E-AECC-1F2319492FD3} = {E3C4513F-731C-49E3-BC2C-BCEF901818FD}
		{47DF4DEA-329D-4C0C-8526-B94D7E647068} = {35B7C4B4-6ACF-4864-B7C7-22AAD851FE68}
		{7920C1B6-3C1D-4E72-B87D-9CA4A613FC12} = {35B7C4B4-6ACF-4864-B7C7-22AAD851FE68}
		{26CECF7A-20B9-4FA7-8344-12FDC247192E} = {35B7C4B4-6ACF-4864-B7C7-22AAD851FE68}
		{321B2BA0-6AB8-4642-96B6-89926501E9DD} = {35B7C4B4-6ACF-4864-B7C7-22AAD851FE68}
	EndGlobalSection
	GlobalSection(ExtensibilityGlobals) = postSolution
		SolutionGuid = {84561529-B85A-477C-AD67-82071812E55F}
	EndGlobalSection
EndGlobal
